
Microsoft Visual Studio Solution File, Format Version 12.00
# Visual Studio 15
VisualStudioVersion = 15.0.27428.2043
MinimumVisualStudioVersion = 10.0.40219.1
Project("{FAE04EC0-301F-11D3-BF4B-00C04F79EFBC}") = "PropertyManagementWebsite", "PropertyManagementWebsite\PropertyManagementWebsite.csproj", "{8E523AD7-EE3F-40AA-A314-0B232CC0CDC8}"
EndProject
Project("{FAE04EC0-301F-11D3-BF4B-00C04F79EFBC}") = "PropertyManagementWebsite.Tests", "PropertyManagementWebsite.Tests\PropertyManagementWebsite.Tests.csproj", "{06C208F3-2AD2-43F0-9CD8-3779653B691D}"
EndProject
Global
	GlobalSection(SolutionConfigurationPlatforms) = preSolution
		Debug|Any CPU = Debug|Any CPU
		Release|Any CPU = Release|Any CPU
	EndGlobalSection
	GlobalSection(ProjectConfigurationPlatforms) = postSolution
		{8E523AD7-EE3F-40AA-A314-0B232CC0CDC8}.Debug|Any CPU.ActiveCfg = Debug|Any CPU
		{8E523AD7-EE3F-40AA-A314-0B232CC0CDC8}.Debug|Any CPU.Build.0 = Debug|Any CPU
		{8E523AD7-EE3F-40AA-A314-0B232CC0CDC8}.Release|Any CPU.ActiveCfg = Release|Any CPU
		{8E523AD7-EE3F-40AA-A314-0B232CC0CDC8}.Release|Any CPU.Build.0 = Release|Any CPU
		{06C208F3-2AD2-43F0-9CD8-3779653B691D}.Debug|Any CPU.ActiveCfg = Debug|Any CPU
		{06C208F3-2AD2-43F0-9CD8-3779653B691D}.Debug|Any CPU.Build.0 = Debug|Any CPU
		{06C208F3-2AD2-43F0-9CD8-3779653B691D}.Release|Any CPU.ActiveCfg = Release|Any CPU
		{06C208F3-2AD2-43F0-9CD8-3779653B691D}.Release|Any CPU.Build.0 = Release|Any CPU
	EndGlobalSection
	GlobalSection(SolutionProperties) = preSolution
		HideSolutionNode = FALSE
	EndGlobalSection
	GlobalSection(ExtensibilityGlobals) = postSolution
		SolutionGuid = {C230B920-5680-40EF-A6DD-94130CEC8253}
	EndGlobalSection
EndGlobal
